Microsoft Visual Studio Solution File, Format Version 12.00
# Visual Studio 2013
VisualStudioVersion = 12.0.40629.0
MinimumVisualStudioVersion = 10.0.40219.1
Project("{FAE04EC0-301F-11D3-BF4B-00C04F79EFBC}") = "PdfSharp.Charting", "PdfSharp.Charting\PdfSharp.Charting.csproj", "{6F98A822-41B0-4C7A-85A6-E95C1D3E88EF}"
EndProject
Project("{FAE04EC0-301F-11D3-BF4B-00C04F79EFBC}") = "TestApp", "TestApp\TestApp.csproj", "{2A6CE173-0CC7-4FB1-AB1D-36A24338723D}"
EndProject
Project("{2150E333-8FDC-42A3-9474-1A3956D46DE8}") = "_Info", "_Info", "{263B94BB-2B33-4F44-A1CE-105A83EA8B3B}"
ProjectSection(SolutionItems) = preProject
	..\.gitignore = ..\.gitignore
	..\LICENSE = ..\LICENSE
	..\README.md = ..\README.md
EndProjectSection
EndProject
Project("{FAE04EC0-301F-11D3-BF4B-00C04F79EFBC}") = "BasicImageFormFiller", "BasicImageFormFiller\BasicImageFormFiller.csproj", "{994FAB89-AD5E-4F6D-B5EC-ADEB726640FA}"
EndProject
Project("{FAE04EC0-301F-11D3-BF4B-00C04F79EFBC}") = "Form8snCore", "Form8snCore\Form8snCore.csproj", "{7BF9ACCF-F0C8-4844-8A01-5F82288C277F}"
EndProject
Project("{FAE04EC0-301F-11D3-BF4B-00C04F79EFBC}") = "PortableGdi", "PortableGdi\PortableGdi.csproj", "{92D29A92-A957-4648-A877-2AB398A2C910}"
EndProject
Project("{FAE04EC0-301F-11D3-BF4B-00C04F79EFBC}") = "SharpZipLib", "SharpZipLib\SharpZipLib.csproj", "{7069717B-5FD2-4D82-B6B1-E8B59D8FB05C}"
EndProject
Project("{FAE04EC0-301F-11D3-BF4B-00C04F79EFBC}") = "PdfSharpStd", "PdfSharpStd\PdfSharpStd.csproj", "{799B94EB-A7A8-42FF-B8EC-563CB4A2FD03}"
EndProject
Global
	GlobalSection(SolutionConfigurationPlatforms) = preSolution
		Debug|Any CPU = Debug|Any CPU
		Debug|ARM = Debug|ARM
		Debug|Mixed Platforms = Debug|Mixed Platforms
		Debug|Win32 = Debug|Win32
		Debug|x64 = Debug|x64
		Debug|x86 = Debug|x86
		Release|Any CPU = Release|Any CPU
		Release|ARM = Release|ARM
		Release|Mixed Platforms = Release|Mixed Platforms
		Release|Win32 = Release|Win32
		Release|x64 = Release|x64
		Release|x86 = Release|x86
	EndGlobalSection
	GlobalSection(ProjectConfigurationPlatforms) = postSolution
		{6F98A822-41B0-4C7A-85A6-E95C1D3E88EF}.Debug|Any CPU.ActiveCfg = Debug|Any CPU
		{6F98A822-41B0-4C7A-85A6-E95C1D3E88EF}.Debug|Any CPU.Build.0 = Debug|Any CPU
		{6F98A822-41B0-4C7A-85A6-E95C1D3E88EF}.Debug|ARM.ActiveCfg = Debug|Any CPU
		{6F98A822-41B0-4C7A-85A6-E95C1D3E88EF}.Debug|Mixed Platforms.ActiveCfg = Debug|Any CPU
		{6F98A822-41B0-4C7A-85A6-E95C1D3E88EF}.Debug|Mixed Platforms.Build.0 = Debug|Any CPU
		{6F98A822-41B0-4C7A-85A6-E95C1D3E88EF}.Debug|Win32.ActiveCfg = Debug|Any CPU
		{6F98A822-41B0-4C7A-85A6-E95C1D3E88EF}.Debug|x64.ActiveCfg = Debug|Any CPU
		{6F98A822-41B0-4C7A-85A6-E95C1D3E88EF}.Debug|x86.ActiveCfg = Debug|Any CPU
		{6F98A822-41B0-4C7A-85A6-E95C1D3E88EF}.Release|Any CPU.ActiveCfg = Release|Any CPU
		{6F98A822-41B0-4C7A-85A6-E95C1D3E88EF}.Release|Any CPU.Build.0 = Release|Any CPU
		{6F98A822-41B0-4C7A-85A6-E95C1D3E88EF}.Release|ARM.ActiveCfg = Release|Any CPU
		{6F98A822-41B0-4C7A-85A6-E95C1D3E88EF}.Release|Mixed Platforms.ActiveCfg = Release|Any CPU
		{6F98A822-41B0-4C7A-85A6-E95C1D3E88EF}.Release|Mixed Platforms.Build.0 = Release|Any CPU
		{6F98A822-41B0-4C7A-85A6-E95C1D3E88EF}.Release|Win32.ActiveCfg = Release|Any CPU
		{6F98A822-41B0-4C7A-85A6-E95C1D3E88EF}.Release|x64.ActiveCfg = Release|Any CPU
		{6F98A822-41B0-4C7A-85A6-E95C1D3E88EF}.Release|x86.ActiveCfg = Release|Any CPU
		{2A6CE173-0CC7-4FB1-AB1D-36A24338723D}.Debug|Any CPU.ActiveCfg = Debug|Any CPU
		{2A6CE173-0CC7-4FB1-AB1D-36A24338723D}.Debug|Any CPU.Build.0 = Debug|Any CPU
		{2A6CE173-0CC7-4FB1-AB1D-36A24338723D}.Debug|ARM.ActiveCfg = Debug|Any CPU
		{2A6CE173-0CC7-4FB1-AB1D-36A24338723D}.Debug|ARM.Build.0 = Debug|Any CPU
		{2A6CE173-0CC7-4FB1-AB1D-36A24338723D}.Debug|Mixed Platforms.ActiveCfg = Debug|Any CPU
		{2A6CE173-0CC7-4FB1-AB1D-36A24338723D}.Debug|Mixed Platforms.Build.0 = Debug|Any CPU
		{2A6CE173-0CC7-4FB1-AB1D-36A24338723D}.Debug|Win32.ActiveCfg = Debug|Any CPU
		{2A6CE173-0CC7-4FB1-AB1D-36A24338723D}.Debug|Win32.Build.0 = Debug|Any CPU
		{2A6CE173-0CC7-4FB1-AB1D-36A24338723D}.Debug|x64.ActiveCfg = Debug|Any CPU
		{2A6CE173-0CC7-4FB1-AB1D-36A24338723D}.Debug|x64.Build.0 = Debug|Any CPU
		{2A6CE173-0CC7-4FB1-AB1D-36A24338723D}.Debug|x86.ActiveCfg = Debug|Any CPU
		{2A6CE173-0CC7-4FB1-AB1D-36A24338723D}.Debug|x86.Build.0 = Debug|Any CPU
		{2A6CE173-0CC7-4FB1-AB1D-36A24338723D}.Release|Any CPU.ActiveCfg = Release|Any CPU
		{2A6CE173-0CC7-4FB1-AB1D-36A24338723D}.Release|Any CPU.Build.0 = Release|Any CPU
		{2A6CE173-0CC7-4FB1-AB1D-36A24338723D}.Release|ARM.ActiveCfg = Release|Any CPU
		{2A6CE173-0CC7-4FB1-AB1D-36A24338723D}.Release|ARM.Build.0 = Release|Any CPU
		{2A6CE173-0CC7-4FB1-AB1D-36A24338723D}.Release|Mixed Platforms.ActiveCfg = Release|Any CPU
		{2A6CE173-0CC7-4FB1-AB1D-36A24338723D}.Release|Mixed Platforms.Build.0 = Release|Any CPU
		{2A6CE173-0CC7-4FB1-AB1D-36A24338723D}.Release|Win32.ActiveCfg = Release|Any CPU
		{2A6CE173-0CC7-4FB1-AB1D-36A24338723D}.Release|Win32.Build.0 = Release|Any CPU
		{2A6CE173-0CC7-4FB1-AB1D-36A24338723D}.Release|x64.ActiveCfg = Release|Any CPU
		{2A6CE173-0CC7-4FB1-AB1D-36A24338723D}.Release|x64.Build.0 = Release|Any CPU
		{2A6CE173-0CC7-4FB1-AB1D-36A24338723D}.Release|x86.ActiveCfg = Release|Any CPU
		{2A6CE173-0CC7-4FB1-AB1D-36A24338723D}.Release|x86.Build.0 = Release|Any CPU
		{994FAB89-AD5E-4F6D-B5EC-ADEB726640FA}.Debug|Any CPU.ActiveCfg = Debug|Any CPU
		{994FAB89-AD5E-4F6D-B5EC-ADEB726640FA}.Debug|Any CPU.Build.0 = Debug|Any CPU
		{994FAB89-AD5E-4F6D-B5EC-ADEB726640FA}.Debug|ARM.ActiveCfg = Debug|Any CPU
		{994FAB89-AD5E-4F6D-B5EC-ADEB726640FA}.Debug|ARM.Build.0 = Debug|Any CPU
		{994FAB89-AD5E-4F6D-B5EC-ADEB726640FA}.Debug|Mixed Platforms.ActiveCfg = Debug|Any CPU
		{994FAB89-AD5E-4F6D-B5EC-ADEB726640FA}.Debug|Mixed Platforms.Build.0 = Debug|Any CPU
		{994FAB89-AD5E-4F6D-B5EC-ADEB726640FA}.Debug|Win32.ActiveCfg = Debug|Any CPU
		{994FAB89-AD5E-4F6D-B5EC-ADEB726640FA}.Debug|Win32.Build.0 = Debug|Any CPU
		{994FAB89-AD5E-4F6D-B5EC-ADEB726640FA}.Debug|x64.ActiveCfg = Debug|Any CPU
		{994FAB89-AD5E-4F6D-B5EC-ADEB726640FA}.Debug|x64.Build.0 = Debug|Any CPU
		{994FAB89-AD5E-4F6D-B5EC-ADEB726640FA}.Debug|x86.ActiveCfg = Debug|Any CPU
		{994FAB89-AD5E-4F6D-B5EC-ADEB726640FA}.Debug|x86.Build.0 = Debug|Any CPU
		{994FAB89-AD5E-4F6D-B5EC-ADEB726640FA}.Release|Any CPU.ActiveCfg = Release|Any CPU
		{994FAB89-AD5E-4F6D-B5EC-ADEB726640FA}.Release|Any CPU.Build.0 = Release|Any CPU
		{994FAB89-AD5E-4F6D-B5EC-ADEB726640FA}.Release|ARM.ActiveCfg = Release|Any CPU
		{994FAB89-AD5E-4F6D-B5EC-ADEB726640FA}.Release|ARM.Build.0 = Release|Any CPU
		{994FAB89-AD5E-4F6D-B5EC-ADEB726640FA}.Release|Mixed Platforms.ActiveCfg = Release|Any CPU
		{994FAB89-AD5E-4F6D-B5EC-ADEB726640FA}.Release|Mixed Platforms.Build.0 = Release|Any CPU
		{994FAB89-AD5E-4F6D-B5EC-ADEB726640FA}.Release|Win32.ActiveCfg = Release|Any CPU
		{994FAB89-AD5E-4F6D-B5EC-ADEB726640FA}.Release|Win32.Build.0 = Release|Any CPU
		{994FAB89-AD5E-4F6D-B5EC-ADEB726640FA}.Release|x64.ActiveCfg = Release|Any CPU
		{994FAB89-AD5E-4F6D-B5EC-ADEB726640FA}.Release|x64.Build.0 = Release|Any CPU
		{994FAB89-AD5E-4F6D-B5EC-ADEB726640FA}.Release|x86.ActiveCfg = Release|Any CPU
		{994FAB89-AD5E-4F6D-B5EC-ADEB726640FA}.Release|x86.Build.0 = Release|Any CPU
		{7BF9ACCF-F0C8-4844-8A01-5F82288C277F}.Debug|Any CPU.ActiveCfg = Debug|Any CPU
		{7BF9ACCF-F0C8-4844-8A01-5F82288C277F}.Debug|Any CPU.Build.0 = Debug|Any CPU
		{7BF9ACCF-F0C8-4844-8A01-5F82288C277F}.Debug|ARM.ActiveCfg = Debug|Any CPU
		{7BF9ACCF-F0C8-4844-8A01-5F82288C277F}.Debug|ARM.Build.0 = Debug|Any CPU
		{7BF9ACCF-F0C8-4844-8A01-5F82288C277F}.Debug|Mixed Platforms.ActiveCfg = Debug|Any CPU
		{7BF9ACCF-F0C8-4844-8A01-5F82288C277F}.Debug|Mixed Platforms.Build.0 = Debug|Any CPU
		{7BF9ACCF-F0C8-4844-8A01-5F82288C277F}.Debug|Win32.ActiveCfg = Debug|Any CPU
		{7BF9ACCF-F0C8-4844-8A01-5F82288C277F}.Debug|Win32.Build.0 = Debug|Any CPU
		{7BF9ACCF-F0C8-4844-8A01-5F82288C277F}.Debug|x64.ActiveCfg = Debug|Any CPU
		{7BF9ACCF-F0C8-4844-8A01-5F82288C277F}.Debug|x64.Build.0 = Debug|Any CPU
		{7BF9ACCF-F0C8-4844-8A01-5F82288C277F}.Debug|x86.ActiveCfg = Debug|Any CPU
		{7BF9ACCF-F0C8-4844-8A01-5F82288C277F}.Debug|x86.Build.0 = Debug|Any CPU
		{7BF9ACCF-F0C8-4844-8A01-5F82288C277F}.Release|Any CPU.ActiveCfg = Release|Any CPU
		{7BF9ACCF-F0C8-4844-8A01-5F82288C277F}.Release|Any CPU.Build.0 = Release|Any CPU
		{7BF9ACCF-F0C8-4844-8A01-5F82288C277F}.Release|ARM.ActiveCfg = Release|Any CPU
		{7BF9ACCF-F0C8-4844-8A01-5F82288C277F}.Release|ARM.Build.0 = Release|Any CPU
		{7BF9ACCF-F0C8-4844-8A01-5F82288C277F}.Release|Mixed Platforms.ActiveCfg = Release|Any CPU
		{7BF9ACCF-F0C8-4844-8A01-5F82288C277F}.Release|Mixed Platforms.Build.0 = Release|Any CPU
		{7BF9ACCF-F0C8-4844-8A01-5F82288C277F}.Release|Win32.ActiveCfg = Release|Any CPU
		{7BF9ACCF-F0C8-4844-8A01-5F82288C277F}.Release|Win32.Build.0 = Release|Any CPU
		{7BF9ACCF-F0C8-4844-8A01-5F82288C277F}.Release|x64.ActiveCfg = Release|Any CPU
		{7BF9ACCF-F0C8-4844-8A01-5F82288C277F}.Release|x64.Build.0 = Release|Any CPU
		{7BF9ACCF-F0C8-4844-8A01-5F82288C277F}.Release|x86.ActiveCfg = Release|Any CPU
		{7BF9ACCF-F0C8-4844-8A01-5F82288C277F}.Release|x86.Build.0 = Release|Any CPU
		{92D29A92-A957-4648-A877-2AB398A2C910}.Debug|Any CPU.ActiveCfg = Debug|Any CPU
		{92D29A92-A957-4648-A877-2AB398A2C910}.Debug|Any CPU.Build.0 = Debug|Any CPU
		{92D29A92-A957-4648-A877-2AB398A2C910}.Debug|ARM.ActiveCfg = Debug|Any CPU
		{92D29A92-A957-4648-A877-2AB398A2C910}.Debug|ARM.Build.0 = Debug|Any CPU
		{92D29A92-A957-4648-A877-2AB398A2C910}.Debug|Mixed Platforms.ActiveCfg = Debug|Any CPU
		{92D29A92-A957-4648-A877-2AB398A2C910}.Debug|Mixed Platforms.Build.0 = Debug|Any CPU
		{92D29A92-A957-4648-A877-2AB398A2C910}.Debug|Win32.ActiveCfg = Debug|Any CPU
		{92D29A92-A957-4648-A877-2AB398A2C910}.Debug|Win32.Build.0 = Debug|Any CPU
		{92D29A92-A957-4648-A877-2AB398A2C910}.Debug|x64.ActiveCfg = Debug|Any CPU
		{92D29A92-A957-4648-A877-2AB398A2C910}.Debug|x64.Build.0 = Debug|Any CPU
		{92D29A92-A957-4648-A877-2AB398A2C910}.Debug|x86.ActiveCfg = Debug|Any CPU
		{92D29A92-A957-4648-A877-2AB398A2C910}.Debug|x86.Build.0 = Debug|Any CPU
		{92D29A92-A957-4648-A877-2AB398A2C910}.Release|Any CPU.ActiveCfg = Release|Any CPU
		{92D29A92-A957-4648-A877-2AB398A2C910}.Release|Any CPU.Build.0 = Release|Any CPU
		{92D29A92-A957-4648-A877-2AB398A2C910}.Release|ARM.ActiveCfg = Release|Any CPU
		{92D29A92-A957-4648-A877-2AB398A2C910}.Release|ARM.Build.0 = Release|Any CPU
		{92D29A92-A957-4648-A877-2AB398A2C910}.Release|Mixed Platforms.ActiveCfg = Release|Any CPU
		{92D29A92-A957-4648-A877-2AB398A2C910}.Release|Mixed Platforms.Build.0 = Release|Any CPU
		{92D29A92-A957-4648-A877-2AB398A2C910}.Release|Win32.ActiveCfg = Release|Any CPU
		{92D29A92-A957-4648-A877-2AB398A2C910}.Release|Win32.Build.0 = Release|Any CPU
		{92D29A92-A957-4648-A877-2AB398A2C910}.Release|x64.ActiveCfg = Release|Any CPU
		{92D29A92-A957-4648-A877-2AB398A2C910}.Release|x64.Build.0 = Release|Any CPU
		{92D29A92-A957-4648-A877-2AB398A2C910}.Release|x86.ActiveCfg = Release|Any CPU
		{92D29A92-A957-4648-A877-2AB398A2C910}.Release|x86.Build.0 = Release|Any CPU
		{7069717B-5FD2-4D82-B6B1-E8B59D8FB05C}.Debug|Any CPU.ActiveCfg = Debug|Any CPU
		{7069717B-5FD2-4D82-B6B1-E8B59D8FB05C}.Debug|Any CPU.Build.0 = Debug|Any CPU
		{7069717B-5FD2-4D82-B6B1-E8B59D8FB05C}.Debug|ARM.ActiveCfg = Debug|Any CPU
		{7069717B-5FD2-4D82-B6B1-E8B59D8FB05C}.Debug|ARM.Build.0 = Debug|Any CPU
		{7069717B-5FD2-4D82-B6B1-E8B59D8FB05C}.Debug|Mixed Platforms.ActiveCfg = Debug|Any CPU
		{7069717B-5FD2-4D82-B6B1-E8B59D8FB05C}.Debug|Mixed Platforms.Build.0 = Debug|Any CPU
		{7069717B-5FD2-4D82-B6B1-E8B59D8FB05C}.Debug|Win32.ActiveCfg = Debug|Any CPU
		{7069717B-5FD2-4D82-B6B1-E8B59D8FB05C}.Debug|Win32.Build.0 = Debug|Any CPU
		{7069717B-5FD2-4D82-B6B1-E8B59D8FB05C}.Debug|x64.ActiveCfg = Debug|Any CPU
		{7069717B-5FD2-4D82-B6B1-E8B59D8FB05C}.Debug|x64.Build.0 = Debug|Any CPU
		{7069717B-5FD2-4D82-B6B1-E8B59D8FB05C}.Debug|x86.ActiveCfg = Debug|Any CPU
		{7069717B-5FD2-4D82-B6B1-E8B59D8FB05C}.Debug|x86.Build.0 = Debug|Any CPU
		{7069717B-5FD2-4D82-B6B1-E8B59D8FB05C}.Release|Any CPU.ActiveCfg = Release|Any CPU
		{7069717B-5FD2-4D82-B6B1-E8B59D8FB05C}.Release|Any CPU.Build.0 = Release|Any CPU
		{7069717B-5FD2-4D82-B6B1-E8B59D8FB05C}.Release|ARM.ActiveCfg = Release|Any CPU
		{7069717B-5FD2-4D82-B6B1-E8B59D8FB05C}.Release|ARM.Build.0 = Release|Any CPU
		{7069717B-5FD2-4D82-B6B1-E8B59D8FB05C}.Release|Mixed Platforms.ActiveCfg = Release|Any CPU
		{7069717B-5FD2-4D82-B6B1-E8B59D8FB05C}.Release|Mixed Platforms.Build.0 = Release|Any CPU
		{7069717B-5FD2-4D82-B6B1-E8B59D8FB05C}.Release|Win32.ActiveCfg = Release|Any CPU
		{7069717B-5FD2-4D82-B6B1-E8B59D8FB05C}.Release|Win32.Build.0 = Release|Any CPU
		{7069717B-5FD2-4D82-B6B1-E8B59D8FB05C}.Release|x64.ActiveCfg = Release|Any CPU
		{7069717B-5FD2-4D82-B6B1-E8B59D8FB05C}.Release|x64.Build.0 = Release|Any CPU
		{7069717B-5FD2-4D82-B6B1-E8B59D8FB05C}.Release|x86.ActiveCfg = Release|Any CPU
		{7069717B-5FD2-4D82-B6B1-E8B59D8FB05C}.Release|x86.Build.0 = Release|Any CPU
		{799B94EB-A7A8-42FF-B8EC-563CB4A2FD03}.Debug|Any CPU.ActiveCfg = Debug|Any CPU
		{799B94EB-A7A8-42FF-B8EC-563CB4A2FD03}.Debug|Any CPU.Build.0 = Debug|Any CPU
		{799B94EB-A7A8-42FF-B8EC-563CB4A2FD03}.Debug|ARM.ActiveCfg = Debug|Any CPU
		{799B94EB-A7A8-42FF-B8EC-563CB4A2FD03}.Debug|ARM.Build.0 = Debug|Any CPU
		{799B94EB-A7A8-42FF-B8EC-563CB4A2FD03}.Debug|Mixed Platforms.ActiveCfg = Debug|Any CPU
		{799B94EB-A7A8-42FF-B8EC-563CB4A2FD03}.Debug|Mixed Platforms.Build.0 = Debug|Any CPU
		{799B94EB-A7A8-42FF-B8EC-563CB4A2FD03}.Debug|Win32.ActiveCfg = Debug|Any CPU
		{799B94EB-A7A8-42FF-B8EC-563CB4A2FD03}.Debug|Win32.Build.0 = Debug|Any CPU
		{799B94EB-A7A8-42FF-B8EC-563CB4A2FD03}.Debug|x64.ActiveCfg = Debug|Any CPU
		{799B94EB-A7A8-42FF-B8EC-563CB4A2FD03}.Debug|x64.Build.0 = Debug|Any CPU
		{799B94EB-A7A8-42FF-B8EC-563CB4A2FD03}.Debug|x86.ActiveCfg = Debug|Any CPU
		{799B94EB-A7A8-42FF-B8EC-563CB4A2FD03}.Debug|x86.Build.0 = Debug|Any CPU
		{799B94EB-A7A8-42FF-B8EC-563CB4A2FD03}.Release|Any CPU.ActiveCfg = Release|Any CPU
		{799B94EB-A7A8-42FF-B8EC-563CB4A2FD03}.Release|Any CPU.Build.0 = Release|Any CPU
		{799B94EB-A7A8-42FF-B8EC-563CB4A2FD03}.Release|ARM.ActiveCfg = Release|Any CPU
		{799B94EB-A7A8-42FF-B8EC-563CB4A2FD03}.Release|ARM.Build.0 = Release|Any CPU
		{799B94EB-A7A8-42FF-B8EC-563CB4A2FD03}.Release|Mixed Platforms.ActiveCfg = Release|Any CPU
		{799B94EB-A7A8-42FF-B8EC-563CB4A2FD03}.Release|Mixed Platforms.Build.0 = Release|Any CPU
		{799B94EB-A7A8-42FF-B8EC-563CB4A2FD03}.Release|Win32.ActiveCfg = Release|Any CPU
		{799B94EB-A7A8-42FF-B8EC-563CB4A2FD03}.Release|Win32.Build.0 = Release|Any CPU
		{799B94EB-A7A8-42FF-B8EC-563CB4A2FD03}.Release|x64.ActiveCfg = Release|Any CPU
		{799B94EB-A7A8-42FF-B8EC-563CB4A2FD03}.Release|x64.Build.0 = Release|Any CPU
		{799B94EB-A7A8-42FF-B8EC-563CB4A2FD03}.Release|x86.ActiveCfg = Release|Any CPU
		{799B94EB-A7A8-42FF-B8EC-563CB4A2FD03}.Release|x86.Build.0 = Release|Any CPU
	EndGlobalSection
	GlobalSection(SolutionProperties) = preSolution
		HideSolutionNode = FALSE
	EndGlobalSection
EndGlobal
